
Microsoft Visual Studio Solution File, Format Version 12.00
# Visual Studio 15
VisualStudioVersion = 15.0.28307.421
MinimumVisualStudioVersion = 10.0.40219.1
Project("{8BC9CEB8-8B4A-11D0-8D11-00A0C91BC942}") = "itemgroups", "itemgroups\test.vcxproj", "{558406F5-E257-4B00-B2C5-27A947DBB111}"
EndProject
Global
	GlobalSection(SolutionConfigurationPlatforms) = preSolution
		Debug|x86 = Debug|x86
	EndGlobalSection
	GlobalSection(ProjectConfigurationPlatforms) = postSolution
		{558406F5-E257-4B00-B2C5-27A947DBB111}.Debug|x86.ActiveCfg = Debug|Win32
		{558406F5-E257-4B00-B2C5-27A947DBB111}.Debug|x86.Build.0 = Debug|Win32
	EndGlobalSection
	GlobalSection(SolutionProperties) = preSolution
		HideSolutionNode = FALSE
	EndGlobalSection
	GlobalSection(ExtensibilityGlobals) = postSolution
		SolutionGuid = {EE1D3380-CA68-4AE8-B0BD-630FEBA1824F}
	EndGlobalSection
EndGlobal
